
Microsoft Visual Studio Solution File, Format Version 12.00
# Visual Studio Version 17
VisualStudioVersion = 17.8.34525.116
MinimumVisualStudioVersion = 10.0.40219.1
Project("{FAE04EC0-301F-11D3-BF4B-00C04F79EFBC}") = "ExemploHttp", "ExemploHttp\ExemploHttp.csproj", "{D5F04EA0-31FC-49B1-BE2F-5A18AB315113}"
EndProject
Global
	GlobalSection(SolutionConfigurationPlatforms) = preSolution
		Debug|Any CPU = Debug|Any CPU
		Release|Any CPU = Release|Any CPU
	EndGlobalSection
	GlobalSection(ProjectConfigurationPlatforms) = postSolution
		{D5F04EA0-31FC-49B1-BE2F-5A18AB315113}.Debug|Any CPU.ActiveCfg = Debug|Any CPU
		{D5F04EA0-31FC-49B1-BE2F-5A18AB315113}.Debug|Any CPU.Build.0 = Debug|Any CPU
		{D5F04EA0-31FC-49B1-BE2F-5A18AB315113}.Debug|Any CPU.Deploy.0 = Debug|Any CPU
		{D5F04EA0-31FC-49B1-BE2F-5A18AB315113}.Release|Any CPU.ActiveCfg = Release|Any CPU
		{D5F04EA0-31FC-49B1-BE2F-5A18AB315113}.Release|Any CPU.Build.0 = Release|Any CPU
		{D5F04EA0-31FC-49B1-BE2F-5A18AB315113}.Release|Any CPU.Deploy.0 = Release|Any CPU
	EndGlobalSection
	GlobalSection(SolutionProperties) = preSolution
		HideSolutionNode = FALSE
	EndGlobalSection
	GlobalSection(ExtensibilityGlobals) = postSolution
		SolutionGuid = {3BDD6E45-DF78-4B74-B573-571CAF629E93}
	EndGlobalSection
EndGlobal
